
Microsoft Visual Studio Solution File, Format Version 12.00
# Visual Studio Version 16
VisualStudioVersion = 16.0.32929.386
MinimumVisualStudioVersion = 10.0.40219.1
Project("{9A19103F-16F7-4668-BE54-9A1E7A4F7556}") = "Asp.NetCoreWebAppMVC", "Asp.NetCoreWebAppMVC\Asp.NetCoreWebAppMVC.csproj", "{904F4C00-B63C-4AFD-9D4B-4CBE1A759ACF}"
EndProject
Project("{9A19103F-16F7-4668-BE54-9A1E7A4F7556}") = "Asp.NetCoreEmpty", "Asp.NetCoreEmpty\Asp.NetCoreEmpty.csproj", "{083A3535-3C7B-4FED-BB63-057B89682DA6}"
EndProject
Global
	GlobalSection(SolutionConfigurationPlatforms) = preSolution
		Debug|Any CPU = Debug|Any CPU
		Release|Any CPU = Release|Any CPU
	EndGlobalSection
	GlobalSection(ProjectConfigurationPlatforms) = postSolution
		{904F4C00-B63C-4AFD-9D4B-4CBE1A759ACF}.Debug|Any CPU.ActiveCfg = Debug|Any CPU
		{904F4C00-B63C-4AFD-9D4B-4CBE1A759ACF}.Debug|Any CPU.Build.0 = Debug|Any CPU
		{904F4C00-B63C-4AFD-9D4B-4CBE1A759ACF}.Release|Any CPU.ActiveCfg = Release|Any CPU
		{904F4C00-B63C-4AFD-9D4B-4CBE1A759ACF}.Release|Any CPU.Build.0 = Release|Any CPU
		{083A3535-3C7B-4FED-BB63-057B89682DA6}.Debug|Any CPU.ActiveCfg = Debug|Any CPU
		{083A3535-3C7B-4FED-BB63-057B89682DA6}.Debug|Any CPU.Build.0 = Debug|Any CPU
		{083A3535-3C7B-4FED-BB63-057B89682DA6}.Release|Any CPU.ActiveCfg = Release|Any CPU
		{083A3535-3C7B-4FED-BB63-057B89682DA6}.Release|Any CPU.Build.0 = Release|Any CPU
	EndGlobalSection
	GlobalSection(SolutionProperties) = preSolution
		HideSolutionNode = FALSE
	EndGlobalSection
	GlobalSection(ExtensibilityGlobals) = postSolution
		SolutionGuid = {F14EA64F-E040-4974-8D66-07AD539C2064}
	EndGlobalSection
EndGlobal
